// !$*UTF8*$!
{
	archiveVersion = 1;
	classes = {
	};
	objectVersion = 51;
	objects = {

/* Begin PBXBuildFile section */
		A8F7A48A7BE26175AE30E9CE /* Pods_MovieBox.framework in Frameworks */ = {isa = PBXBuildFile; fileRef = 6211E404E80E2E0EF7F58BDE /* Pods_MovieBox.framework */; };
		E4046047259D2045005EEE0D /* ReviewTableViewCell.swift in Sources */ = {isa = PBXBuildFile; fileRef = E4046046259D2045005EEE0D /* ReviewTableViewCell.swift */; };
		E4076EFC254C9DA200F53FA1 /* SignInVCExtension.swift in Sources */ = {isa = PBXBuildFile; fileRef = E4076EFB254C9DA200F53FA1 /* SignInVCExtension.swift */; };
		E414D3B725CC675900FD7413 /* User.swift in Sources */ = {isa = PBXBuildFile; fileRef = E414D3B625CC675900FD7413 /* User.swift */; };
		E4195ABA25D71C6600BD00FB /* Label.swift in Sources */ = {isa = PBXBuildFile; fileRef = E4195AB925D71C6600BD00FB /* Label.swift */; };
		E41B766C25C47FA3002B8109 /* UserRatesViewController.swift in Sources */ = {isa = PBXBuildFile; fileRef = E41B766B25C47FA3002B8109 /* UserRatesViewController.swift */; };
		E421AEC325CB547400629B0A /* UserProfileDatabaseService.swift in Sources */ = {isa = PBXBuildFile; fileRef = E421AEC225CB547400629B0A /* UserProfileDatabaseService.swift */; };
		E424436C252F87AB00033508 /* AppDelegate.swift in Sources */ = {isa = PBXBuildFile; fileRef = E424436B252F87AB00033508 /* AppDelegate.swift */; };
		E424436E252F87AB00033508 /* SceneDelegate.swift in Sources */ = {isa = PBXBuildFile; fileRef = E424436D252F87AB00033508 /* SceneDelegate.swift */; };
		E4244370252F87AB00033508 /* MainViewController.swift in Sources */ = {isa = PBXBuildFile; fileRef = E424436F252F87AB00033508 /* MainViewController.swift */; };
		E4244373252F87AB00033508 /* Main.storyboard in Resources */ = {isa = PBXBuildFile; fileRef = E4244371252F87AB00033508 /* Main.storyboard */; };
		E4244375252F87AE00033508 /* Assets.xcassets in Resources */ = {isa = PBXBuildFile; fileRef = E4244374252F87AE00033508 /* Assets.xcassets */; };
		E4244378252F87AE00033508 /* LaunchScreen.storyboard in Resources */ = {isa = PBXBuildFile; fileRef = E4244376252F87AE00033508 /* LaunchScreen.storyboard */; };
		E4244385252F8AF200033508 /* SignUpViewController.swift in Sources */ = {isa = PBXBuildFile; fileRef = E4244384252F8AF200033508 /* SignUpViewController.swift */; };
		E4244389252F8B9000033508 /* SignInViewController.swift in Sources */ = {isa = PBXBuildFile; fileRef = E4244388252F8B9000033508 /* SignInViewController.swift */; };
		E427981E25B275D500875060 /* AdminDatabaseService.swift in Sources */ = {isa = PBXBuildFile; fileRef = E427981D25B275D500875060 /* AdminDatabaseService.swift */; };
		E4296E82258D1A32002BA912 /* Movie.swift in Sources */ = {isa = PBXBuildFile; fileRef = E4296E81258D1A32002BA912 /* Movie.swift */; };
		E43A81602559775E00476E1B /* MovieTableViewCell.swift in Sources */ = {isa = PBXBuildFile; fileRef = E43A815F2559775E00476E1B /* MovieTableViewCell.swift */; };
		E43A81802559913500476E1B /* NewMovieViewController.swift in Sources */ = {isa = PBXBuildFile; fileRef = E43A817F2559913500476E1B /* NewMovieViewController.swift */; };
		E43C11562539EE3D006CE5CC /* LoginViewController.swift in Sources */ = {isa = PBXBuildFile; fileRef = E43C11552539EE3D006CE5CC /* LoginViewController.swift */; };
		E44B11B3257C3AF90037F497 /* MovieDatabaseService.swift in Sources */ = {isa = PBXBuildFile; fileRef = E44B11B2257C3AF90037F497 /* MovieDatabaseService.swift */; };
		E44B60AE25DB0EF1007D1499 /* PopularMoviesCollectionViewCell.swift in Sources */ = {isa = PBXBuildFile; fileRef = E44B60AD25DB0EF1007D1499 /* PopularMoviesCollectionViewCell.swift */; };
		E44B60B225DB260E007D1499 /* MoviesCollectionView.swift in Sources */ = {isa = PBXBuildFile; fileRef = E44B60B125DB260E007D1499 /* MoviesCollectionView.swift */; };
		E44E594D2540C779006BA108 /* UserProfileViewController.swift in Sources */ = {isa = PBXBuildFile; fileRef = E44E594C2540C779006BA108 /* UserProfileViewController.swift */; };
		E45CA7C325D457AB00F30417 /* UIButtonExtension.swift in Sources */ = {isa = PBXBuildFile; fileRef = E45CA7C225D457AB00F30417 /* UIButtonExtension.swift */; };
		E46E48B725C20D7600546CA6 /* MoviesViewController.swift in Sources */ = {isa = PBXBuildFile; fileRef = E46E48B625C20D7600546CA6 /* MoviesViewController.swift */; };
		E4714DED259D2B3900991A78 /* ReviewDatabaseService.swift in Sources */ = {isa = PBXBuildFile; fileRef = E4714DEC259D2B3900991A78 /* ReviewDatabaseService.swift */; };
		E4714DF1259D2D6200991A78 /* Review.swift in Sources */ = {isa = PBXBuildFile; fileRef = E4714DF0259D2D6200991A78 /* Review.swift */; };
		E471F1D125D5974A00A92F61 /* UITextFieldExtension.swift in Sources */ = {isa = PBXBuildFile; fileRef = E471F1D025D5974A00A92F61 /* UITextFieldExtension.swift */; };
		E471F1D425D59DA800A92F61 /* UIViewControllerExtension.swift in Sources */ = {isa = PBXBuildFile; fileRef = E471F1D325D59DA800A92F61 /* UIViewControllerExtension.swift */; };
		E471F1D725D5ACFC00A92F61 /* TextField.swift in Sources */ = {isa = PBXBuildFile; fileRef = E471F1D625D5ACFC00A92F61 /* TextField.swift */; };
		E471F1DB25D5D85A00A92F61 /* SignUpVCExtension.swift in Sources */ = {isa = PBXBuildFile; fileRef = E471F1DA25D5D85A00A92F61 /* SignUpVCExtension.swift */; };
		E4904F7325A1343800BF053E /* Rating.swift in Sources */ = {isa = PBXBuildFile; fileRef = E4904F7225A1343800BF053E /* Rating.swift */; };
		E4904F7625A134E900BF053E /* RatingDatabaseService.swift in Sources */ = {isa = PBXBuildFile; fileRef = E4904F7525A134E900BF053E /* RatingDatabaseService.swift */; };
		E4A2B2B3259672540097714B /* MovieViewController.swift in Sources */ = {isa = PBXBuildFile; fileRef = E4A2B2B2259672540097714B /* MovieViewController.swift */; };
		E4D0C4F6253DAFBF00B81799 /* GoogleService-Info.plist in Resources */ = {isa = PBXBuildFile; fileRef = E4D0C4F5253DAFBF00B81799 /* GoogleService-Info.plist */; };
/* End PBXBuildFile section */

/* Begin PBXFileReference section */
		5B3F61A8D90EE4B24C3636AB /* Pods-MovieBox.debug.xcconfig */ = {isa = PBXFileReference; includeInIndex = 1; lastKnownFileType = text.xcconfig; name = "Pods-MovieBox.debug.xcconfig"; path = "Target Support Files/Pods-MovieBox/Pods-MovieBox.debug.xcconfig"; sourceTree = "<group>"; };
		6211E404E80E2E0EF7F58BDE /* Pods_MovieBox.framework */ = {isa = PBXFileReference; explicitFileType = wrapper.framework; includeInIndex = 0; path = Pods_MovieBox.framework; sourceTree = BUILT_PRODUCTS_DIR; };
		E4046046259D2045005EEE0D /* ReviewTableViewCell.swift */ = {isa = PBXFileReference; lastKnownFileType = sourcecode.swift; path = ReviewTableViewCell.swift; sourceTree = "<group>"; };
		E4076EFB254C9DA200F53FA1 /* SignInVCExtension.swift */ = {isa = PBXFileReference; lastKnownFileType = sourcecode.swift; path = SignInVCExtension.swift; sourceTree = "<group>"; };
		E414D3B625CC675900FD7413 /* User.swift */ = {isa = PBXFileReference; lastKnownFileType = sourcecode.swift; path = User.swift; sourceTree = "<group>"; };
		E4195AB925D71C6600BD00FB /* Label.swift */ = {isa = PBXFileReference; lastKnownFileType = sourcecode.swift; path = Label.swift; sourceTree = "<group>"; };
		E41B766B25C47FA3002B8109 /* UserRatesViewController.swift */ = {isa = PBXFileReference; lastKnownFileType = sourcecode.swift; path = UserRatesViewController.swift; sourceTree = "<group>"; };
		E421AEC225CB547400629B0A /* UserProfileDatabaseService.swift */ = {isa = PBXFileReference; lastKnownFileType = sourcecode.swift; path = UserProfileDatabaseService.swift; sourceTree = "<group>"; };
		E4244368252F87AB00033508 /* MovieBox.app */ = {isa = PBXFileReference; explicitFileType = wrapper.application; includeInIndex = 0; path = MovieBox.app; sourceTree = BUILT_PRODUCTS_DIR; };
		E424436B252F87AB00033508 /* AppDelegate.swift */ = {isa = PBXFileReference; lastKnownFileType = sourcecode.swift; path = AppDelegate.swift; sourceTree = "<group>"; };
		E424436D252F87AB00033508 /* SceneDelegate.swift */ = {isa = PBXFileReference; lastKnownFileType = sourcecode.swift; path = SceneDelegate.swift; sourceTree = "<group>"; };
		E424436F252F87AB00033508 /* MainViewController.swift */ = {isa = PBXFileReference; lastKnownFileType = sourcecode.swift; path = MainViewController.swift; sourceTree = "<group>"; };
		E4244372252F87AB00033508 /* Base */ = {isa = PBXFileReference; lastKnownFileType = file.storyboard; name = Base; path = Base.lproj/Main.storyboard; sourceTree = "<group>"; };
		E4244374252F87AE00033508 /* Assets.xcassets */ = {isa = PBXFileReference; lastKnownFileType = folder.assetcatalog; path = Assets.xcassets; sourceTree = "<group>"; };
		E4244377252F87AE00033508 /* Base */ = {isa = PBXFileReference; lastKnownFileType = file.storyboard; name = Base; path = Base.lproj/LaunchScreen.storyboard; sourceTree = "<group>"; };
		E4244379252F87AE00033508 /* Info.plist */ = {isa = PBXFileReference; lastKnownFileType = text.plist.xml; path = Info.plist; sourceTree = "<group>"; };
		E4244384252F8AF200033508 /* SignUpViewController.swift */ = {isa = PBXFileReference; lastKnownFileType = sourcecode.swift; path = SignUpViewController.swift; sourceTree = "<group>"; };
		E4244388252F8B9000033508 /* SignInViewController.swift */ = {isa = PBXFileReference; lastKnownFileType = sourcecode.swift; path = SignInViewController.swift; sourceTree = "<group>"; };
		E427981D25B275D500875060 /* AdminDatabaseService.swift */ = {isa = PBXFileReference; lastKnownFileType = sourcecode.swift; path = AdminDatabaseService.swift; sourceTree = "<group>"; };
		E4296E81258D1A32002BA912 /* Movie.swift */ = {isa = PBXFileReference; lastKnownFileType = sourcecode.swift; path = Movie.swift; sourceTree = "<group>"; };
		E43A815F2559775E00476E1B /* MovieTableViewCell.swift */ = {isa = PBXFileReference; lastKnownFileType = sourcecode.swift; path = MovieTableViewCell.swift; sourceTree = "<group>"; };
		E43A817F2559913500476E1B /* NewMovieViewController.swift */ = {isa = PBXFileReference; lastKnownFileType = sourcecode.swift; path = NewMovieViewController.swift; sourceTree = "<group>"; };
		E43C11552539EE3D006CE5CC /* LoginViewController.swift */ = {isa = PBXFileReference; lastKnownFileType = sourcecode.swift; path = LoginViewController.swift; sourceTree = "<group>"; };
		E44B11B2257C3AF90037F497 /* MovieDatabaseService.swift */ = {isa = PBXFileReference; lastKnownFileType = sourcecode.swift; path = MovieDatabaseService.swift; sourceTree = "<group>"; };
		E44B60AD25DB0EF1007D1499 /* PopularMoviesCollectionViewCell.swift */ = {isa = PBXFileReference; lastKnownFileType = sourcecode.swift; path = PopularMoviesCollectionViewCell.swift; sourceTree = "<group>"; };
		E44B60B125DB260E007D1499 /* MoviesCollectionView.swift */ = {isa = PBXFileReference; lastKnownFileType = sourcecode.swift; path = MoviesCollectionView.swift; sourceTree = "<group>"; };
		E44E594C2540C779006BA108 /* UserProfileViewController.swift */ = {isa = PBXFileReference; lastKnownFileType = sourcecode.swift; path = UserProfileViewController.swift; sourceTree = "<group>"; };
		E45CA7C225D457AB00F30417 /* UIButtonExtension.swift */ = {isa = PBXFileReference; lastKnownFileType = sourcecode.swift; path = UIButtonExtension.swift; sourceTree = "<group>"; };
		E46E48B625C20D7600546CA6 /* MoviesViewController.swift */ = {isa = PBXFileReference; lastKnownFileType = sourcecode.swift; path = MoviesViewController.swift; sourceTree = "<group>"; };
		E4714DEC259D2B3900991A78 /* ReviewDatabaseService.swift */ = {isa = PBXFileReference; lastKnownFileType = sourcecode.swift; path = ReviewDatabaseService.swift; sourceTree = "<group>"; };
		E4714DF0259D2D6200991A78 /* Review.swift */ = {isa = PBXFileReference; lastKnownFileType = sourcecode.swift; path = Review.swift; sourceTree = "<group>"; };
		E471F1D025D5974A00A92F61 /* UITextFieldExtension.swift */ = {isa = PBXFileReference; lastKnownFileType = sourcecode.swift; path = UITextFieldExtension.swift; sourceTree = "<group>"; };
		E471F1D325D59DA800A92F61 /* UIViewControllerExtension.swift */ = {isa = PBXFileReference; lastKnownFileType = sourcecode.swift; path = UIViewControllerExtension.swift; sourceTree = "<group>"; };
		E471F1D625D5ACFC00A92F61 /* TextField.swift */ = {isa = PBXFileReference; lastKnownFileType = sourcecode.swift; path = TextField.swift; sourceTree = "<group>"; };
		E471F1DA25D5D85A00A92F61 /* SignUpVCExtension.swift */ = {isa = PBXFileReference; lastKnownFileType = sourcecode.swift; path = SignUpVCExtension.swift; sourceTree = "<group>"; };
		E4904F7225A1343800BF053E /* Rating.swift */ = {isa = PBXFileReference; lastKnownFileType = sourcecode.swift; path = Rating.swift; sourceTree = "<group>"; };
		E4904F7525A134E900BF053E /* RatingDatabaseService.swift */ = {isa = PBXFileReference; lastKnownFileType = sourcecode.swift; path = RatingDatabaseService.swift; sourceTree = "<group>"; };
		E4A2B2B2259672540097714B /* MovieViewController.swift */ = {isa = PBXFileReference; lastKnownFileType = sourcecode.swift; path = MovieViewController.swift; sourceTree = "<group>"; };
		E4D0C4F5253DAFBF00B81799 /* GoogleService-Info.plist */ = {isa = PBXFileReference; fileEncoding = 4; lastKnownFileType = text.plist.xml; name = "GoogleService-Info.plist"; path = "../../../Downloads/GoogleService-Info.plist"; sourceTree = "<group>"; };
		FEF514BDDF7D64DF57ECF33F /* Pods-MovieBox.release.xcconfig */ = {isa = PBXFileReference; includeInIndex = 1; lastKnownFileType = text.xcconfig; name = "Pods-MovieBox.release.xcconfig"; path = "Target Support Files/Pods-MovieBox/Pods-MovieBox.release.xcconfig"; sourceTree = "<group>"; };
/* End PBXFileReference section */

/* Begin PBXFrameworksBuildPhase section */
		E4244365252F87AB00033508 /* Frameworks */ = {
			isa = PBXFrameworksBuildPhase;
			buildActionMask = 2147483647;
			files = (
				A8F7A48A7BE26175AE30E9CE /* Pods_MovieBox.framework in Frameworks */,
			);
			runOnlyForDeploymentPostprocessing = 0;
		};
/* End PBXFrameworksBuildPhase section */

/* Begin PBXGroup section */
		80AEE9ED453169234B46C27F /* Pods */ = {
			isa = PBXGroup;
			children = (
				5B3F61A8D90EE4B24C3636AB /* Pods-MovieBox.debug.xcconfig */,
				FEF514BDDF7D64DF57ECF33F /* Pods-MovieBox.release.xcconfig */,
			);
			path = Pods;
			sourceTree = "<group>";
		};
		C8ED2A02276DA08981AA0B83 /* Frameworks */ = {
			isa = PBXGroup;
			children = (
				6211E404E80E2E0EF7F58BDE /* Pods_MovieBox.framework */,
			);
			name = Frameworks;
			sourceTree = "<group>";
		};
		E404604A259D2063005EEE0D /* MovieScene */ = {
			isa = PBXGroup;
			children = (
				E4A2B2B2259672540097714B /* MovieViewController.swift */,
				E4046046259D2045005EEE0D /* ReviewTableViewCell.swift */,
			);
			path = MovieScene;
			sourceTree = "<group>";
		};
		E404604B259D20C3005EEE0D /* NewMovieScene */ = {
			isa = PBXGroup;
			children = (
				E43A817F2559913500476E1B /* NewMovieViewController.swift */,
			);
			path = NewMovieScene;
			sourceTree = "<group>";
		};
		E404604C259D20E5005EEE0D /* MoviesScene */ = {
			isa = PBXGroup;
			children = (
				E46E48B625C20D7600546CA6 /* MoviesViewController.swift */,
			);
			path = MoviesScene;
			sourceTree = "<group>";
		};
		E404604E259D20F1005EEE0D /* UserProfileScene */ = {
			isa = PBXGroup;
			children = (
				E44E594C2540C779006BA108 /* UserProfileViewController.swift */,
			);
			path = UserProfileScene;
			sourceTree = "<group>";
		};
		E4046051259D2123005EEE0D /* MainScene */ = {
			isa = PBXGroup;
			children = (
				E424436F252F87AB00033508 /* MainViewController.swift */,
			);
			path = MainScene;
			sourceTree = "<group>";
		};
		E4046052259D24D0005EEE0D /* AuthScenes */ = {
			isa = PBXGroup;
			children = (
				E4244388252F8B9000033508 /* SignInViewController.swift */,
				E4244384252F8AF200033508 /* SignUpViewController.swift */,
				E43C11552539EE3D006CE5CC /* LoginViewController.swift */,
			);
			path = AuthScenes;
			sourceTree = "<group>";
		};
		E41B766A25C47F8C002B8109 /* UserRatesScene */ = {
			isa = PBXGroup;
			children = (
				E41B766B25C47FA3002B8109 /* UserRatesViewController.swift */,
			);
			path = UserRatesScene;
			sourceTree = "<group>";
		};
		E424435F252F87AB00033508 = {
			isa = PBXGroup;
			children = (
				E424436A252F87AB00033508 /* MovieBox */,
				E4244369252F87AB00033508 /* Products */,
				80AEE9ED453169234B46C27F /* Pods */,
				C8ED2A02276DA08981AA0B83 /* Frameworks */,
			);
			sourceTree = "<group>";
		};
		E4244369252F87AB00033508 /* Products */ = {
			isa = PBXGroup;
			children = (
				E4244368252F87AB00033508 /* MovieBox.app */,
			);
			name = Products;
			sourceTree = "<group>";
		};
		E424436A252F87AB00033508 /* MovieBox */ = {
			isa = PBXGroup;
			children = (
				E4244382252F89D100033508 /* Model */,
				E4244381252F89C400033508 /* View */,
				E4244380252F88A400033508 /* Controller */,
				E424436B252F87AB00033508 /* AppDelegate.swift */,
				E424436D252F87AB00033508 /* SceneDelegate.swift */,
				E4244374252F87AE00033508 /* Assets.xcassets */,
				E4244379252F87AE00033508 /* Info.plist */,
				E4D0C4F5253DAFBF00B81799 /* GoogleService-Info.plist */,
			);
			path = MovieBox;
			sourceTree = "<group>";
		};
		E4244380252F88A400033508 /* Controller */ = {
			isa = PBXGroup;
			children = (
				E41B766A25C47F8C002B8109 /* UserRatesScene */,
				E4046051259D2123005EEE0D /* MainScene */,
				E4046052259D24D0005EEE0D /* AuthScenes */,
				E404604E259D20F1005EEE0D /* UserProfileScene */,
				E404604C259D20E5005EEE0D /* MoviesScene */,
				E404604B259D20C3005EEE0D /* NewMovieScene */,
				E404604A259D2063005EEE0D /* MovieScene */,
			);
			path = Controller;
			sourceTree = "<group>";
		};
		E4244381252F89C400033508 /* View */ = {
			isa = PBXGroup;
			children = (
				E4244371252F87AB00033508 /* Main.storyboard */,
				E4244376252F87AE00033508 /* LaunchScreen.storyboard */,
			);
			path = View;
			sourceTree = "<group>";
		};
		E4244382252F89D100033508 /* Model */ = {
			isa = PBXGroup;
			children = (
				E45CA7C125D4579300F30417 /* Controls */,
				E470073A25BB7DF500EB45BE /* Movie */,
				E427981C25B275B700875060 /* Admin */,
				E4904F7125A1342700BF053E /* Rating */,
				E4714DEB259D2B0E00991A78 /* Review */,
				E44E59552540D454006BA108 /* Auth */,
			);
			path = Model;
			sourceTree = "<group>";
		};
		E427981C25B275B700875060 /* Admin */ = {
			isa = PBXGroup;
			children = (
				E427981D25B275D500875060 /* AdminDatabaseService.swift */,
			);
			path = Admin;
			sourceTree = "<group>";
		};
		E44E59552540D454006BA108 /* Auth */ = {
			isa = PBXGroup;
			children = (
				E4076EFB254C9DA200F53FA1 /* SignInVCExtension.swift */,
				E421AEC225CB547400629B0A /* UserProfileDatabaseService.swift */,
				E414D3B625CC675900FD7413 /* User.swift */,
				E471F1DA25D5D85A00A92F61 /* SignUpVCExtension.swift */,
			);
			path = Auth;
			sourceTree = "<group>";
		};
		E45CA7C125D4579300F30417 /* Controls */ = {
			isa = PBXGroup;
			children = (
				E45CA7C225D457AB00F30417 /* UIButtonExtension.swift */,
				E471F1D025D5974A00A92F61 /* UITextFieldExtension.swift */,
				E471F1D325D59DA800A92F61 /* UIViewControllerExtension.swift */,
				E471F1D625D5ACFC00A92F61 /* TextField.swift */,
				E4195AB925D71C6600BD00FB /* Label.swift */,
				E44B60B125DB260E007D1499 /* MoviesCollectionView.swift */,
				E44B60AD25DB0EF1007D1499 /* PopularMoviesCollectionViewCell.swift */,
				E43A815F2559775E00476E1B /* MovieTableViewCell.swift */,
			);
			path = Controls;
			sourceTree = "<group>";
		};
		E470073A25BB7DF500EB45BE /* Movie */ = {
			isa = PBXGroup;
			children = (
				E4296E81258D1A32002BA912 /* Movie.swift */,
				E44B11B2257C3AF90037F497 /* MovieDatabaseService.swift */,
			);
			path = Movie;
			sourceTree = "<group>";
		};
		E4714DEB259D2B0E00991A78 /* Review */ = {
			isa = PBXGroup;
			children = (
				E4714DEC259D2B3900991A78 /* ReviewDatabaseService.swift */,
				E4714DF0259D2D6200991A78 /* Review.swift */,
			);
			path = Review;
			sourceTree = "<group>";
		};
		E4904F7125A1342700BF053E /* Rating */ = {
			isa = PBXGroup;
			children = (
				E4904F7225A1343800BF053E /* Rating.swift */,
				E4904F7525A134E900BF053E /* RatingDatabaseService.swift */,
			);
			path = Rating;
			sourceTree = "<group>";
		};
/* End PBXGroup section */

/* Begin PBXNativeTarget section */
		E4244367252F87AB00033508 /* MovieBox */ = {
			isa = PBXNativeTarget;
			buildConfigurationList = E424437C252F87AE00033508 /* Build configuration list for PBXNativeTarget "MovieBox" */;
			buildPhases = (
				CED86E1ED467700466F367F6 /* [CP] Check Pods Manifest.lock */,
				E4244364252F87AB00033508 /* Sources */,
				E4244365252F87AB00033508 /* Frameworks */,
				E4244366252F87AB00033508 /* Resources */,
				0ACE2868FF21729F4BA29F8C /* [CP] Embed Pods Frameworks */,
				28CC8C753A9DE67158B17162 /* [CP] Copy Pods Resources */,
			);
			buildRules = (
			);
			dependencies = (
			);
			name = MovieBox;
			productName = MovieBox;
			productReference = E4244368252F87AB00033508 /* MovieBox.app */;
			productType = "com.apple.product-type.application";
		};
/* End PBXNativeTarget section */

/* Begin PBXProject section */
		E4244360252F87AB00033508 /* Project object */ = {
			isa = PBXProject;
			attributes = {
				LastSwiftUpdateCheck = 1200;
				LastUpgradeCheck = 1200;
				TargetAttributes = {
					E4244367252F87AB00033508 = {
						CreatedOnToolsVersion = 12.0;
					};
				};
			};
			buildConfigurationList = E4244363252F87AB00033508 /* Build configuration list for PBXProject "MovieBox" */;
			compatibilityVersion = "Xcode 9.3";
			developmentRegion = en;
			hasScannedForEncodings = 0;
			knownRegions = (
				en,
				Base,
			);
			mainGroup = E424435F252F87AB00033508;
			productRefGroup = E4244369252F87AB00033508 /* Products */;
			projectDirPath = "";
			projectRoot = "";
			targets = (
				E4244367252F87AB00033508 /* MovieBox */,
			);
		};
/* End PBXProject section */

/* Begin PBXResourcesBuildPhase section */
		E4244366252F87AB00033508 /* Resources */ = {
			isa = PBXResourcesBuildPhase;
			buildActionMask = 2147483647;
			files = (
				E4244378252F87AE00033508 /* LaunchScreen.storyboard in Resources */,
				E4D0C4F6253DAFBF00B81799 /* GoogleService-Info.plist in Resources */,
				E4244375252F87AE00033508 /* Assets.xcassets in Resources */,
				E4244373252F87AB00033508 /* Main.storyboard in Resources */,
			);
			runOnlyForDeploymentPostprocessing = 0;
		};
/* End PBXResourcesBuildPhase section */

/* Begin PBXShellScriptBuildPhase section */
		0ACE2868FF21729F4BA29F8C /* [CP] Embed Pods Frameworks */ = {
			isa = PBXShellScriptBuildPhase;
			buildActionMask = 2147483647;
			files = (
			);
			inputFileListPaths = (
				"${PODS_ROOT}/Target Support Files/Pods-MovieBox/Pods-MovieBox-frameworks-${CONFIGURATION}-input-files.xcfilelist",
			);
			name = "[CP] Embed Pods Frameworks";
			outputFileListPaths = (
				"${PODS_ROOT}/Target Support Files/Pods-MovieBox/Pods-MovieBox-frameworks-${CONFIGURATION}-output-files.xcfilelist",
			);
			runOnlyForDeploymentPostprocessing = 0;
			shellPath = /bin/sh;
			shellScript = "\"${PODS_ROOT}/Target Support Files/Pods-MovieBox/Pods-MovieBox-frameworks.sh\"\n";
			showEnvVarsInLog = 0;
		};
		28CC8C753A9DE67158B17162 /* [CP] Copy Pods Resources */ = {
			isa = PBXShellScriptBuildPhase;
			buildActionMask = 2147483647;
			files = (
			);
			inputFileListPaths = (
				"${PODS_ROOT}/Target Support Files/Pods-MovieBox/Pods-MovieBox-resources-${CONFIGURATION}-input-files.xcfilelist",
			);
			name = "[CP] Copy Pods Resources";
			outputFileListPaths = (
				"${PODS_ROOT}/Target Support Files/Pods-MovieBox/Pods-MovieBox-resources-${CONFIGURATION}-output-files.xcfilelist",
			);
			runOnlyForDeploymentPostprocessing = 0;
			shellPath = /bin/sh;
			shellScript = "\"${PODS_ROOT}/Target Support Files/Pods-MovieBox/Pods-MovieBox-resources.sh\"\n";
			showEnvVarsInLog = 0;
		};
		CED86E1ED467700466F367F6 /* [CP] Check Pods Manifest.lock */ = {
			isa = PBXShellScriptBuildPhase;
			buildActionMask = 2147483647;
			files = (
			);
			inputFileListPaths = (
			);
			inputPaths = (
				"${PODS_PODFILE_DIR_PATH}/Podfile.lock",
				"${PODS_ROOT}/Manifest.lock",
			);
			name = "[CP] Check Pods Manifest.lock";
			outputFileListPaths = (
			);
			outputPaths = (
				"$(DERIVED_FILE_DIR)/Pods-MovieBox-checkManifestLockResult.txt",
			);
			runOnlyForDeploymentPostprocessing = 0;
			shellPath = /bin/sh;
			shellScript = "diff \"${PODS_PODFILE_DIR_PATH}/Podfile.lock\" \"${PODS_ROOT}/Manifest.lock\" > /dev/null\nif [ $? != 0 ] ; then\n    # print error to STDERR\n    echo \"error: The sandbox is not in sync with the Podfile.lock. Run 'pod install' or update your CocoaPods installation.\" >&2\n    exit 1\nfi\n# This output is used by Xcode 'outputs' to avoid re-running this script phase.\necho \"SUCCESS\" > \"${SCRIPT_OUTPUT_FILE_0}\"\n";
			showEnvVarsInLog = 0;
		};
/* End PBXShellScriptBuildPhase section */

/* Begin PBXSourcesBuildPhase section */
		E4244364252F87AB00033508 /* Sources */ = {
			isa = PBXSourcesBuildPhase;
			buildActionMask = 2147483647;
			files = (
				E4296E82258D1A32002BA912 /* Movie.swift in Sources */,
				E43A81802559913500476E1B /* NewMovieViewController.swift in Sources */,
				E421AEC325CB547400629B0A /* UserProfileDatabaseService.swift in Sources */,
				E471F1D725D5ACFC00A92F61 /* TextField.swift in Sources */,
				E414D3B725CC675900FD7413 /* User.swift in Sources */,
				E427981E25B275D500875060 /* AdminDatabaseService.swift in Sources */,
				E43C11562539EE3D006CE5CC /* LoginViewController.swift in Sources */,
				E4714DED259D2B3900991A78 /* ReviewDatabaseService.swift in Sources */,
				E471F1D125D5974A00A92F61 /* UITextFieldExtension.swift in Sources */,
				E4244370252F87AB00033508 /* MainViewController.swift in Sources */,
				E44E594D2540C779006BA108 /* UserProfileViewController.swift in Sources */,
				E4076EFC254C9DA200F53FA1 /* SignInVCExtension.swift in Sources */,
				E471F1D425D59DA800A92F61 /* UIViewControllerExtension.swift in Sources */,
				E424436C252F87AB00033508 /* AppDelegate.swift in Sources */,
				E471F1DB25D5D85A00A92F61 /* SignUpVCExtension.swift in Sources */,
				E44B60AE25DB0EF1007D1499 /* PopularMoviesCollectionViewCell.swift in Sources */,
				E4195ABA25D71C6600BD00FB /* Label.swift in Sources */,
				E41B766C25C47FA3002B8109 /* UserRatesViewController.swift in Sources */,
				E4244385252F8AF200033508 /* SignUpViewController.swift in Sources */,
				E4244389252F8B9000033508 /* SignInViewController.swift in Sources */,
				E46E48B725C20D7600546CA6 /* MoviesViewController.swift in Sources */,
				E4046047259D2045005EEE0D /* ReviewTableViewCell.swift in Sources */,
				E4904F7325A1343800BF053E /* Rating.swift in Sources */,
				E4714DF1259D2D6200991A78 /* Review.swift in Sources */,
				E44B11B3257C3AF90037F497 /* MovieDatabaseService.swift in Sources */,
				E4A2B2B3259672540097714B /* MovieViewController.swift in Sources */,
				E45CA7C325D457AB00F30417 /* UIButtonExtension.swift in Sources */,
				E44B60B225DB260E007D1499 /* MoviesCollectionView.swift in Sources */,
				E4904F7625A134E900BF053E /* RatingDatabaseService.swift in Sources */,
				E43A81602559775E00476E1B /* MovieTableViewCell.swift in Sources */,
				E424436E252F87AB00033508 /* SceneDelegate.swift in Sources */,
			);
			runOnlyForDeploymentPostprocessing = 0;
		};
/* End PBXSourcesBuildPhase section */

/* Begin PBXVariantGroup section */
		E4244371252F87AB00033508 /* Main.storyboard */ = {
			isa = PBXVariantGroup;
			children = (
				E4244372252F87AB00033508 /* Base */,
			);
			name = Main.storyboard;
			sourceTree = "<group>";
		};
		E4244376252F87AE00033508 /* LaunchScreen.storyboard */ = {
			isa = PBXVariantGroup;
			children = (
				E4244377252F87AE00033508 /* Base */,
			);
			name = LaunchScreen.storyboard;
			sourceTree = "<group>";
		};
/* End PBXVariantGroup section */

/* Begin XCBuildConfiguration section */
		E424437A252F87AE00033508 /* Debug */ = {
			isa = XCBuildConfiguration;
			buildSettings = {
				ALWAYS_SEARCH_USER_PATHS = NO;
				CLANG_ANALYZER_NONNULL = YES;
				CLANG_ANALYZER_NUMBER_OBJECT_CONVERSION = YES_AGGRESSIVE;
				CLANG_CXX_LANGUAGE_STANDARD = "gnu++14";
				CLANG_CXX_LIBRARY = "libc++";
				CLANG_ENABLE_MODULES = YES;
				CLANG_ENABLE_OBJC_ARC = YES;
				CLANG_ENABLE_OBJC_WEAK = YES;
				CLANG_WARN_BLOCK_CAPTURE_AUTORELEASING = YES;
				CLANG_WARN_BOOL_CONVERSION = YES;
				CLANG_WARN_COMMA = YES;
				CLANG_WARN_CONSTANT_CONVERSION = YES;
				CLANG_WARN_DEPRECATED_OBJC_IMPLEMENTATIONS = YES;
				CLANG_WARN_DIRECT_OBJC_ISA_USAGE = YES_ERROR;
				CLANG_WARN_DOCUMENTATION_COMMENTS = YES;
				CLANG_WARN_EMPTY_BODY = YES;
				CLANG_WARN_ENUM_CONVERSION = YES;
				CLANG_WARN_INFINITE_RECURSION = YES;
				CLANG_WARN_INT_CONVERSION = YES;
				CLANG_WARN_NON_LITERAL_NULL_CONVERSION = YES;
				CLANG_WARN_OBJC_IMPLICIT_RETAIN_SELF = YES;
				CLANG_WARN_OBJC_LITERAL_CONVERSION = YES;
				CLANG_WARN_OBJC_ROOT_CLASS = YES_ERROR;
				CLANG_WARN_QUOTED_INCLUDE_IN_FRAMEWORK_HEADER = YES;
				CLANG_WARN_RANGE_LOOP_ANALYSIS = YES;
				CLANG_WARN_STRICT_PROTOTYPES = YES;
				CLANG_WARN_SUSPICIOUS_MOVE = YES;
				CLANG_WARN_UNGUARDED_AVAILABILITY = YES_AGGRESSIVE;
				CLANG_WARN_UNREACHABLE_CODE = YES;
				CLANG_WARN__DUPLICATE_METHOD_MATCH = YES;
				COPY_PHASE_STRIP = NO;
				DEBUG_INFORMATION_FORMAT = dwarf;
				ENABLE_STRICT_OBJC_MSGSEND = YES;
				ENABLE_TESTABILITY = YES;
				GCC_C_LANGUAGE_STANDARD = gnu11;
				GCC_DYNAMIC_NO_PIC = NO;
				GCC_NO_COMMON_BLOCKS = YES;
				GCC_OPTIMIZATION_LEVEL = 0;
				GCC_PREPROCESSOR_DEFINITIONS = (
					"DEBUG=1",
					"$(inherited)",
				);
				GCC_WARN_64_TO_32_BIT_CONVERSION = YES;
				GCC_WARN_ABOUT_RETURN_TYPE = YES_ERROR;
				GCC_WARN_UNDECLARED_SELECTOR = YES;
				GCC_WARN_UNINITIALIZED_AUTOS = YES_AGGRESSIVE;
				GCC_WARN_UNUSED_FUNCTION = YES;
				GCC_WARN_UNUSED_VARIABLE = YES;
				IPHONEOS_DEPLOYMENT_TARGET = 14.0;
				MTL_ENABLE_DEBUG_INFO = INCLUDE_SOURCE;
				MTL_FAST_MATH = YES;
				ONLY_ACTIVE_ARCH = YES;
				SDKROOT = iphoneos;
				SWIFT_ACTIVE_COMPILATION_CONDITIONS = DEBUG;
				SWIFT_OPTIMIZATION_LEVEL = "-Onone";
			};
			name = Debug;
		};
		E424437B252F87AE00033508 /* Release */ = {
			isa = XCBuildConfiguration;
			buildSettings = {
				ALWAYS_SEARCH_USER_PATHS = NO;
				CLANG_ANALYZER_NONNULL = YES;
				CLANG_ANALYZER_NUMBER_OBJECT_CONVERSION = YES_AGGRESSIVE;
				CLANG_CXX_LANGUAGE_STANDARD = "gnu++14";
				CLANG_CXX_LIBRARY = "libc++";
				CLANG_ENABLE_MODULES = YES;
				CLANG_ENABLE_OBJC_ARC = YES;
				CLANG_ENABLE_OBJC_WEAK = YES;
				CLANG_WARN_BLOCK_CAPTURE_AUTORELEASING = YES;
				CLANG_WARN_BOOL_CONVERSION = YES;
				CLANG_WARN_COMMA = YES;
				CLANG_WARN_CONSTANT_CONVERSION = YES;
				CLANG_WARN_DEPRECATED_OBJC_IMPLEMENTATIONS = YES;
				CLANG_WARN_DIRECT_OBJC_ISA_USAGE = YES_ERROR;
				CLANG_WARN_DOCUMENTATION_COMMENTS = YES;
				CLANG_WARN_EMPTY_BODY = YES;
				CLANG_WARN_ENUM_CONVERSION = YES;
				CLANG_WARN_INFINITE_RECURSION = YES;
				CLANG_WARN_INT_CONVERSION = YES;
				CLANG_WARN_NON_LITERAL_NULL_CONVERSION = YES;
				CLANG_WARN_OBJC_IMPLICIT_RETAIN_SELF = YES;
				CLANG_WARN_OBJC_LITERAL_CONVERSION = YES;
				CLANG_WARN_OBJC_ROOT_CLASS = YES_ERROR;
				CLANG_WARN_QUOTED_INCLUDE_IN_FRAMEWORK_HEADER = YES;
				CLANG_WARN_RANGE_LOOP_ANALYSIS = YES;
				CLANG_WARN_STRICT_PROTOTYPES = YES;
				CLANG_WARN_SUSPICIOUS_MOVE = YES;
				CLANG_WARN_UNGUARDED_AVAILABILITY = YES_AGGRESSIVE;
				CLANG_WARN_UNREACHABLE_CODE = YES;
				CLANG_WARN__DUPLICATE_METHOD_MATCH = YES;
				COPY_PHASE_STRIP = NO;
				DEBUG_INFORMATION_FORMAT = "dwarf-with-dsym";
				ENABLE_NS_ASSERTIONS = NO;
				ENABLE_STRICT_OBJC_MSGSEND = YES;
				GCC_C_LANGUAGE_STANDARD = gnu11;
				GCC_NO_COMMON_BLOCKS = YES;
				GCC_WARN_64_TO_32_BIT_CONVERSION = YES;
				GCC_WARN_ABOUT_RETURN_TYPE = YES_ERROR;
				GCC_WARN_UNDECLARED_SELECTOR = YES;
				GCC_WARN_UNINITIALIZED_AUTOS = YES_AGGRESSIVE;
				GCC_WARN_UNUSED_FUNCTION = YES;
				GCC_WARN_UNUSED_VARIABLE = YES;
				IPHONEOS_DEPLOYMENT_TARGET = 14.0;
				MTL_ENABLE_DEBUG_INFO = NO;
				MTL_FAST_MATH = YES;
				SDKROOT = iphoneos;
				SWIFT_COMPILATION_MODE = wholemodule;
				SWIFT_OPTIMIZATION_LEVEL = "-O";
				VALIDATE_PRODUCT = YES;
			};
			name = Release;
		};
		E424437D252F87AE00033508 /* Debug */ = {
			isa = XCBuildConfiguration;
			baseConfigurationReference = 5B3F61A8D90EE4B24C3636AB /* Pods-MovieBox.debug.xcconfig */;
			buildSettings = {
				ASSETCATALOG_COMPILER_APPICON_NAME = AppIcon;
				ASSETCATALOG_COMPILER_GLOBAL_ACCENT_COLOR_NAME = AccentColor;
				CODE_SIGN_STYLE = Automatic;
				DEVELOPMENT_TEAM = 5744GHSC63;
				INFOPLIST_FILE = MovieBox/Info.plist;
				LD_RUNPATH_SEARCH_PATHS = (
					"$(inherited)",
					"@executable_path/Frameworks",
				);
				PRODUCT_BUNDLE_IDENTIFIER = com.dmitry.MovieBox;
				PRODUCT_NAME = "$(TARGET_NAME)";
				SWIFT_VERSION = 5.0;
				TARGETED_DEVICE_FAMILY = "1,2";
			};
			name = Debug;
		};
		E424437E252F87AE00033508 /* Release */ = {
			isa = XCBuildConfiguration;
			baseConfigurationReference = FEF514BDDF7D64DF57ECF33F /* Pods-MovieBox.release.xcconfig */;
			buildSettings = {
				ASSETCATALOG_COMPILER_APPICON_NAME = AppIcon;
				ASSETCATALOG_COMPILER_GLOBAL_ACCENT_COLOR_NAME = AccentColor;
				CODE_SIGN_STYLE = Automatic;
				DEVELOPMENT_TEAM = 5744GHSC63;
				INFOPLIST_FILE = MovieBox/Info.plist;
				LD_RUNPATH_SEARCH_PATHS = (
					"$(inherited)",
					"@executable_path/Frameworks",
				);
				PRODUCT_BUNDLE_IDENTIFIER = com.dmitry.MovieBox;
				PRODUCT_NAME = "$(TARGET_NAME)";
				SWIFT_VERSION = 5.0;
				TARGETED_DEVICE_FAMILY = "1,2";
			};
			name = Release;
		};
/* End XCBuildConfiguration section */

/* Begin XCConfigurationList section */
		E4244363252F87AB00033508 /* Build configuration list for PBXProject "MovieBox" */ = {
			isa = XCConfigurationList;
			buildConfigurations = (
				E424437A252F87AE00033508 /* Debug */,
				E424437B252F87AE00033508 /* Release */,
			);
			defaultConfigurationIsVisible = 0;
			defaultConfigurationName = Release;
		};
		E424437C252F87AE00033508 /* Build configuration list for PBXNativeTarget "MovieBox" */ = {
			isa = XCConfigurationList;
			buildConfigurations = (
				E424437D252F87AE00033508 /* Debug */,
				E424437E252F87AE00033508 /* Release */,
			);
			defaultConfigurationIsVisible = 0;
			defaultConfigurationName = Release;
		};
/* End XCConfigurationList section */
	};
	rootObject = E4244360252F87AB00033508 /* Project object */;
}
